{
  "name": "koch-snowflake-cli",
  "version": "1.3.0",
  "lockfileVersion": 2,
  "requires": true,
  "packages": {
    "": {
      "name": "koch-snowflake-cli",
      "version": "1.3.0",
      "license": "MIT",
      "dependencies": {
        "sierpinski-hexagon-cli": "1.3.0"
      },
      "bin": {
        "koch-snowflake-cli": "src/cli.js"
      }
    },
    "node_modules/sierpinski-hexagon-cli": {
      "version": "1.3.0",
      "resolved": "https://registry.npmjs.org/sierpinski-hexagon-cli/-/sierpinski-hexagon-cli-1.3.0.tgz",
      "integrity": "sha512-yk6fyHKhyYkU6WLeE0taOTokAdT2+DGfAotqT+4KOUlLlpFS70qO75b7A+yy4SEHOFGtaMatq1KidAKiDmJ53A==",
      "bin": {
        "sierpinski-hexagon-cli": "src/cli.js"
      }
    }
  },
  "dependencies": {
    "sierpinski-hexagon-cli": {
      "version": "1.3.0",
      "resolved": "https://registry.npmjs.org/sierpinski-hexagon-cli/-/sierpinski-hexagon-cli-1.3.0.tgz",
      "integrity": "sha512-yk6fyHKhyYkU6WLeE0taOTokAdT2+DGfAotqT+4KOUlLlpFS70qO75b7A+yy4SEHOFGtaMatq1KidAKiDmJ53A=="
    }
  }
}
