{
  "name": "koch-snowflake-cli",
  "version": "1.0.0",
  "lockfileVersion": 2,
  "requires": true,
  "packages": {
    "": {
      "name": "koch-snowflake-cli",
      "version": "1.0.0",
      "license": "MIT",
      "dependencies": {
        "sierpinski-hexagon-cli": "^1.0.0"
      },
      "bin": {
        "koch-snowflake-cli": "src/cli.js"
      }
    },
    "node_modules/sierpinski-hexagon-cli": {
      "version": "1.0.0",
      "resolved": "https://registry.npmjs.org/sierpinski-hexagon-cli/-/sierpinski-hexagon-cli-1.0.0.tgz",
      "integrity": "sha512-nDBubJoPQi+irALeml+cjjcdjbQ0yVNO8dc0a4TcR2KPk9fTphG4dtDUf36LraTJP9qVAjTwjDG9bypk0nwo1A==",
      "bin": {
        "sierpinski-hexagon-cli": "src/cli.js"
      }
    }
  },
  "dependencies": {
    "sierpinski-hexagon-cli": {
      "version": "1.0.0",
      "resolved": "https://registry.npmjs.org/sierpinski-hexagon-cli/-/sierpinski-hexagon-cli-1.0.0.tgz",
      "integrity": "sha512-nDBubJoPQi+irALeml+cjjcdjbQ0yVNO8dc0a4TcR2KPk9fTphG4dtDUf36LraTJP9qVAjTwjDG9bypk0nwo1A=="
    }
  }
}
