{
  "name": "koch-snowflake-cli",
  "version": "1.2.1",
  "lockfileVersion": 2,
  "requires": true,
  "packages": {
    "": {
      "name": "koch-snowflake-cli",
      "version": "1.2.1",
      "license": "MIT",
      "dependencies": {
        "sierpinski-hexagon-cli": "1.2.2"
      },
      "bin": {
        "koch-snowflake-cli": "src/cli.js"
      }
    },
    "node_modules/sierpinski-hexagon-cli": {
      "version": "1.2.2",
      "resolved": "https://registry.npmjs.org/sierpinski-hexagon-cli/-/sierpinski-hexagon-cli-1.2.2.tgz",
      "integrity": "sha512-OXo+mb+HDBaM5jNGGwCZKyQVFGxdW1HXhDXOkfC4jhDCumyOU4QwIZ7o83F6WXE3v4GEppnHVyunrMz9Hwqo9Q==",
      "bin": {
        "sierpinski-hexagon-cli": "src/cli.js"
      }
    }
  },
  "dependencies": {
    "sierpinski-hexagon-cli": {
      "version": "1.2.2",
      "resolved": "https://registry.npmjs.org/sierpinski-hexagon-cli/-/sierpinski-hexagon-cli-1.2.2.tgz",
      "integrity": "sha512-OXo+mb+HDBaM5jNGGwCZKyQVFGxdW1HXhDXOkfC4jhDCumyOU4QwIZ7o83F6WXE3v4GEppnHVyunrMz9Hwqo9Q=="
    }
  }
}
